
Microsoft Visual Studio Solution File, Format Version 12.00
# Visual Studio Version 16
VisualStudioVersion = 16.0.30413.136
MinimumVisualStudioVersion = 10.0.40219.1
Project("{FAE04EC0-301F-11D3-BF4B-00C04F79EFBC}") = "carSystem", "carSystem\carSystem.csproj", "{C7B6C2C2-4572-432B-AB6A-B5CF5C1BF357}"
EndProject
Global
	GlobalSection(SolutionConfigurationPlatforms) = preSolution
		Debug|Any CPU = Debug|Any CPU
		Release|Any CPU = Release|Any CPU
	EndGlobalSection
	GlobalSection(ProjectConfigurationPlatforms) = postSolution
		{C7B6C2C2-4572-432B-AB6A-B5CF5C1BF357}.Debug|Any CPU.ActiveCfg = Debug|Any CPU
		{C7B6C2C2-4572-432B-AB6A-B5CF5C1BF357}.Debug|Any CPU.Build.0 = Debug|Any CPU
		{C7B6C2C2-4572-432B-AB6A-B5CF5C1BF357}.Release|Any CPU.ActiveCfg = Release|Any CPU
		{C7B6C2C2-4572-432B-AB6A-B5CF5C1BF357}.Release|Any CPU.Build.0 = Release|Any CPU
	EndGlobalSection
	GlobalSection(SolutionProperties) = preSolution
		HideSolutionNode = FALSE
	EndGlobalSection
	GlobalSection(ExtensibilityGlobals) = postSolution
		SolutionGuid = {CC20AF3E-F4B0-44B7-A640-804293CAB9FB}
	EndGlobalSection
EndGlobal
